
Microsoft Visual Studio Solution File, Format Version 12.00
# Visual Studio Version 16
VisualStudioVersion = 16.0.30907.101
MinimumVisualStudioVersion = 10.0.40219.1
Project("{FAE04EC0-301F-11D3-BF4B-00C04F79EFBC}") = "ClassMetotDemo", "ClassMetotDemo.csproj", "{F9579375-8D52-4891-BEFD-787EABCD9D55}"
EndProject
Global
	GlobalSection(SolutionConfigurationPlatforms) = preSolution
		Debug|Any CPU = Debug|Any CPU
		Release|Any CPU = Release|Any CPU
	EndGlobalSection
	GlobalSection(ProjectConfigurationPlatforms) = postSolution
		{F9579375-8D52-4891-BEFD-787EABCD9D55}.Debug|Any CPU.ActiveCfg = Debug|Any CPU
		{F9579375-8D52-4891-BEFD-787EABCD9D55}.Debug|Any CPU.Build.0 = Debug|Any CPU
		{F9579375-8D52-4891-BEFD-787EABCD9D55}.Release|Any CPU.ActiveCfg = Release|Any CPU
		{F9579375-8D52-4891-BEFD-787EABCD9D55}.Release|Any CPU.Build.0 = Release|Any CPU
	EndGlobalSection
	GlobalSection(SolutionProperties) = preSolution
		HideSolutionNode = FALSE
	EndGlobalSection
	GlobalSection(ExtensibilityGlobals) = postSolution
		SolutionGuid = {6C2171F8-AD1E-4DD5-969D-5AC91827BE14}
	EndGlobalSection
EndGlobal
